
Microsoft Visual Studio Solution File, Format Version 12.00
# Visual Studio 15
VisualStudioVersion = 15.0.28307.705
MinimumVisualStudioVersion = 10.0.40219.1
Project("{FAE04EC0-301F-11D3-BF4B-00C04F79EFBC}") = "taller4", "taller4\taller4.csproj", "{E703E7AA-76FF-4F48-B87A-42DB6418B6D7}"
EndProject
Global
	GlobalSection(SolutionConfigurationPlatforms) = preSolution
		Debug|Any CPU = Debug|Any CPU
		Release|Any CPU = Release|Any CPU
	EndGlobalSection
	GlobalSection(ProjectConfigurationPlatforms) = postSolution
		{E703E7AA-76FF-4F48-B87A-42DB6418B6D7}.Debug|Any CPU.ActiveCfg = Debug|Any CPU
		{E703E7AA-76FF-4F48-B87A-42DB6418B6D7}.Debug|Any CPU.Build.0 = Debug|Any CPU
		{E703E7AA-76FF-4F48-B87A-42DB6418B6D7}.Release|Any CPU.ActiveCfg = Release|Any CPU
		{E703E7AA-76FF-4F48-B87A-42DB6418B6D7}.Release|Any CPU.Build.0 = Release|Any CPU
	EndGlobalSection
	GlobalSection(SolutionProperties) = preSolution
		HideSolutionNode = FALSE
	EndGlobalSection
	GlobalSection(ExtensibilityGlobals) = postSolution
		SolutionGuid = {7A6BCF9F-A407-4120-88AF-FA36FC85C9A0}
	EndGlobalSection
EndGlobal
